
Microsoft Visual Studio Solution File, Format Version 12.00
# Visual Studio Version 17
VisualStudioVersion = 17.8.34525.116
MinimumVisualStudioVersion = 10.0.40219.1
Project("{FAE04EC0-301F-11D3-BF4B-00C04F79EFBC}") = "RelaxingKoala", "RelaxingKoala.csproj", "{FE41A2F5-BFC4-43AA-8717-66FFE22F708B}"
EndProject
Global
	GlobalSection(SolutionConfigurationPlatforms) = preSolution
		Debug|Any CPU = Debug|Any CPU
		Release|Any CPU = Release|Any CPU
	EndGlobalSection
	GlobalSection(ProjectConfigurationPlatforms) = postSolution
		{FE41A2F5-BFC4-43AA-8717-66FFE22F708B}.Debug|Any CPU.ActiveCfg = Debug|Any CPU
		{FE41A2F5-BFC4-43AA-8717-66FFE22F708B}.Debug|Any CPU.Build.0 = Debug|Any CPU
		{FE41A2F5-BFC4-43AA-8717-66FFE22F708B}.Release|Any CPU.ActiveCfg = Release|Any CPU
		{FE41A2F5-BFC4-43AA-8717-66FFE22F708B}.Release|Any CPU.Build.0 = Release|Any CPU
	EndGlobalSection
	GlobalSection(SolutionProperties) = preSolution
		HideSolutionNode = FALSE
	EndGlobalSection
	GlobalSection(ExtensibilityGlobals) = postSolution
		SolutionGuid = {089957ED-A466-4379-805D-265B8E739F37}
	EndGlobalSection
EndGlobal
